
Microsoft Visual Studio Solution File, Format Version 12.00
# Visual Studio Version 17
VisualStudioVersion = 17.3.32901.215
MinimumVisualStudioVersion = 10.0.40219.1
Project("{FAE04EC0-301F-11D3-BF4B-00C04F79EFBC}") = "Module13.HomeWork", "Module13BankDom\Module13.HomeWork.csproj", "{F5B27AA3-C569-48D2-9D4A-8FDEECB6B799}"
EndProject
Global
	GlobalSection(SolutionConfigurationPlatforms) = preSolution
		Debug|Any CPU = Debug|Any CPU
		Release|Any CPU = Release|Any CPU
	EndGlobalSection
	GlobalSection(ProjectConfigurationPlatforms) = postSolution
		{F5B27AA3-C569-48D2-9D4A-8FDEECB6B799}.Debug|Any CPU.ActiveCfg = Debug|Any CPU
		{F5B27AA3-C569-48D2-9D4A-8FDEECB6B799}.Debug|Any CPU.Build.0 = Debug|Any CPU
		{F5B27AA3-C569-48D2-9D4A-8FDEECB6B799}.Release|Any CPU.ActiveCfg = Release|Any CPU
		{F5B27AA3-C569-48D2-9D4A-8FDEECB6B799}.Release|Any CPU.Build.0 = Release|Any CPU
	EndGlobalSection
	GlobalSection(SolutionProperties) = preSolution
		HideSolutionNode = FALSE
	EndGlobalSection
	GlobalSection(ExtensibilityGlobals) = postSolution
		SolutionGuid = {CC6222B4-8A71-43A1-A46E-E06CA7D8A547}
	EndGlobalSection
EndGlobal
